
Microsoft Visual Studio Solution File, Format Version 12.00
# Visual Studio Version 16
VisualStudioVersion = 16.0.29521.150
MinimumVisualStudioVersion = 10.0.40219.1
Project("{9A19103F-16F7-4668-BE54-9A1E7A4F7556}") = "Slogger", "src\Slogger.Service\Slogger.Service.csproj", "{55D3BFDD-470C-4615-9790-0554D81B231F}"
EndProject
Project("{9A19103F-16F7-4668-BE54-9A1E7A4F7556}") = "Slogger.Engine", "src\Slogger.Engine\Slogger.Engine.csproj", "{A438F6B7-DE7E-40EF-9EE0-4FA3BE87203E}"
EndProject
Project("{9A19103F-16F7-4668-BE54-9A1E7A4F7556}") = "Slogger.Engine.FileStorage", "src\Slogger.Engine.FileStorage\Slogger.Engine.FileStorage.csproj", "{057563F4-CB18-4B72-A805-EF0F2C854D04}"
EndProject
Project("{2150E333-8FDC-42A3-9474-1A3956D46DE8}") = "src", "src", "{41FDB802-458F-4A6F-8EBD-9183CF943C66}"
EndProject
Project("{FAE04EC0-301F-11D3-BF4B-00C04F79EFBC}") = "Slogger.Test", "Slogger.Test\Slogger.Test.csproj", "{3BFC73C4-3A38-40C2-965C-9AE08AD5AAD6}"
EndProject
Global
	GlobalSection(SolutionConfigurationPlatforms) = preSolution
		Debug|Any CPU = Debug|Any CPU
		Release|Any CPU = Release|Any CPU
	EndGlobalSection
	GlobalSection(ProjectConfigurationPlatforms) = postSolution
		{55D3BFDD-470C-4615-9790-0554D81B231F}.Debug|Any CPU.ActiveCfg = Debug|Any CPU
		{55D3BFDD-470C-4615-9790-0554D81B231F}.Debug|Any CPU.Build.0 = Debug|Any CPU
		{55D3BFDD-470C-4615-9790-0554D81B231F}.Release|Any CPU.ActiveCfg = Release|Any CPU
		{55D3BFDD-470C-4615-9790-0554D81B231F}.Release|Any CPU.Build.0 = Release|Any CPU
		{A438F6B7-DE7E-40EF-9EE0-4FA3BE87203E}.Debug|Any CPU.ActiveCfg = Debug|Any CPU
		{A438F6B7-DE7E-40EF-9EE0-4FA3BE87203E}.Debug|Any CPU.Build.0 = Debug|Any CPU
		{A438F6B7-DE7E-40EF-9EE0-4FA3BE87203E}.Release|Any CPU.ActiveCfg = Release|Any CPU
		{A438F6B7-DE7E-40EF-9EE0-4FA3BE87203E}.Release|Any CPU.Build.0 = Release|Any CPU
		{057563F4-CB18-4B72-A805-EF0F2C854D04}.Debug|Any CPU.ActiveCfg = Debug|Any CPU
		{057563F4-CB18-4B72-A805-EF0F2C854D04}.Debug|Any CPU.Build.0 = Debug|Any CPU
		{057563F4-CB18-4B72-A805-EF0F2C854D04}.Release|Any CPU.ActiveCfg = Release|Any CPU
		{057563F4-CB18-4B72-A805-EF0F2C854D04}.Release|Any CPU.Build.0 = Release|Any CPU
		{3BFC73C4-3A38-40C2-965C-9AE08AD5AAD6}.Debug|Any CPU.ActiveCfg = Debug|Any CPU
		{3BFC73C4-3A38-40C2-965C-9AE08AD5AAD6}.Debug|Any CPU.Build.0 = Debug|Any CPU
		{3BFC73C4-3A38-40C2-965C-9AE08AD5AAD6}.Release|Any CPU.ActiveCfg = Release|Any CPU
		{3BFC73C4-3A38-40C2-965C-9AE08AD5AAD6}.Release|Any CPU.Build.0 = Release|Any CPU
	EndGlobalSection
	GlobalSection(SolutionProperties) = preSolution
		HideSolutionNode = FALSE
	EndGlobalSection
	GlobalSection(NestedProjects) = preSolution
		{55D3BFDD-470C-4615-9790-0554D81B231F} = {41FDB802-458F-4A6F-8EBD-9183CF943C66}
		{A438F6B7-DE7E-40EF-9EE0-4FA3BE87203E} = {41FDB802-458F-4A6F-8EBD-9183CF943C66}
		{057563F4-CB18-4B72-A805-EF0F2C854D04} = {41FDB802-458F-4A6F-8EBD-9183CF943C66}
		{3BFC73C4-3A38-40C2-965C-9AE08AD5AAD6} = {41FDB802-458F-4A6F-8EBD-9183CF943C66}
	EndGlobalSection
	GlobalSection(ExtensibilityGlobals) = postSolution
		SolutionGuid = {6DD55C43-C400-4104-8720-40ED0B46C170}
	EndGlobalSection
EndGlobal
